<Solution>
  <Folder Name="/Solution Items/">
    <File Path="README.md" />
  </Folder>
  <Project Path="JobOffer.Application/JobOffer.Application.csproj" />
  <Project Path="JobOffer.Core/JobOffer.Core.csproj" />
  <Project Path="JobOffer.Infrastructure/JobOffer.Infrastructure.csproj" />
  <Project Path="JobOffer.WebAPI/JobOffer.WebAPI.csproj" />
</Solution>
